{
  "nodes": {
    "flakeNimbleLib": {
      "inputs": {
        "nixpkgs": [
          "nixpkgs"
        ]
      },
      "locked": {
        "lastModified": 1646967037,
        "narHash": "sha256-BoEqkGzLVnFICrF15wczZJrfF1vMVngRzF5cEgFzdzU=",
        "owner": "riinr",
        "repo": "nim-flakes-lib",
        "rev": "028e7596fdb918b72a295d220d48417ab2f5dfd1",
        "type": "github"
      },
      "original": {
        "owner": "riinr",
        "ref": "master",
        "repo": "nim-flakes-lib",
        "type": "github"
      }
    },
    "nixpkgs": {
      "locked": {
        "narHash": "sha256-+8mazL4KLh6VltXYJc5+QFA5Q1i+Uh/TadRl9/+qcx8=",
        "path": "/nix/store/gddrvlqs5qf1bp3kc80gp3qg5vm8kj76-source",
        "type": "path"
      },
      "original": {
        "id": "nixpkgs",
        "type": "indirect"
      }
    },
    "python": {
      "inputs": {
        "flakeNimbleLib": [
          "pythonize-master",
          "flakeNimbleLib"
        ],
        "nixpkgs": [
          "pythonize-master",
          "nixpkgs"
        ],
        "python-master": "python-master"
      },
      "locked": {
        "lastModified": 1647398353,
        "narHash": "sha256-FICWsLQKU3Iv+OGLMwqNZTF/Fybg0sYEEYetBbp0+S0=",
        "owner": "nim-nix-pkgs",
        "repo": "python",
        "rev": "b9c17b6b6e7aa37a568554bd59f66e5257122d78",
        "type": "github"
      },
      "original": {
        "owner": "nim-nix-pkgs",
        "ref": "master",
        "repo": "python",
        "type": "github"
      }
    },
    "python-master": {
      "inputs": {
        "flakeNimbleLib": [
          "pythonize-master",
          "python",
          "flakeNimbleLib"
        ],
        "nixpkgs": [
          "pythonize-master",
          "python",
          "nixpkgs"
        ],
        "src-python-master": "src-python-master"
      },
      "locked": {
        "dir": "master",
        "lastModified": 1647311352,
        "narHash": "sha256-r9cYBSHbFIQxcLbs9ogKYNaJc5cnuhvk/SpSgMJzlTg=",
        "owner": "nim-nix-pkgs",
        "repo": "python",
        "rev": "240722def6145aafd17d7716db52521bcfc0e4ee",
        "type": "github"
      },
      "original": {
        "dir": "master",
        "owner": "nim-nix-pkgs",
        "ref": "master",
        "repo": "python",
        "type": "github"
      }
    },
    "pythonize-master": {
      "inputs": {
        "flakeNimbleLib": [
          "flakeNimbleLib"
        ],
        "nixpkgs": [
          "nixpkgs"
        ],
        "python": "python",
        "src-pythonize-master": "src-pythonize-master"
      },
      "locked": {
        "dir": "master",
        "lastModified": 1647311756,
        "narHash": "sha256-qnhbJ8bzztcFqWoqpeQIRrmOimsSS4ZFiuH9ehYC4+Y=",
        "owner": "nim-nix-pkgs",
        "repo": "pythonize",
        "rev": "ad387a7a39a523f8038c69a08eee25f49aacef8f",
        "type": "github"
      },
      "original": {
        "dir": "master",
        "owner": "nim-nix-pkgs",
        "ref": "master",
        "repo": "pythonize",
        "type": "github"
      }
    },
    "root": {
      "inputs": {
        "flakeNimbleLib": "flakeNimbleLib",
        "nixpkgs": "nixpkgs",
        "pythonize-master": "pythonize-master"
      }
    },
    "src-python-master": {
      "flake": false,
      "locked": {
        "lastModified": 1508670376,
        "narHash": "sha256-Wl4on0rf4zbNxmwmq/ZkNiPIFCZY+1BdokPQoba2EVI=",
        "owner": "nim-lang",
        "repo": "python",
        "rev": "b7c3b2c447a69fdb0a974ba149062e52182fda08",
        "type": "github"
      },
      "original": {
        "owner": "nim-lang",
        "ref": "refs/heads/master",
        "repo": "python",
        "type": "github"
      }
    },
    "src-pythonize-master": {
      "flake": false,
      "locked": {
        "lastModified": 1559914278,
        "narHash": "sha256-JcnCiI1H+6evngfI0acq0vaivTpHzFaBZaXzY3/wOxA=",
        "owner": "marcoapintoo",
        "repo": "nim-pythonize",
        "rev": "613a8c11a8e0fbfc9ac35d731c31d876f80f9a47",
        "type": "github"
      },
      "original": {
        "owner": "marcoapintoo",
        "ref": "refs/heads/master",
        "repo": "nim-pythonize",
        "type": "github"
      }
    }
  },
  "root": "root",
  "version": 7
}
